// !$*UTF8*$!
{
	archiveVersion = 1;
	classes = {
	};
	objectVersion = 55;
	objects = {

/* Begin PBXBuildFile section */
		8B2345BD287507840016440F /* SmilesForMilesApp.swift in Sources */ = {isa = PBXBuildFile; fileRef = 8B2345BC287507840016440F /* SmilesForMilesApp.swift */; };
		8B2345BF287507840016440F /* ContentView.swift in Sources */ = {isa = PBXBuildFile; fileRef = 8B2345BE287507840016440F /* ContentView.swift */; };
		8B2345C1287507870016440F /* Assets.xcassets in Resources */ = {isa = PBXBuildFile; fileRef = 8B2345C0287507870016440F /* Assets.xcassets */; };
		8B2345C4287507870016440F /* Preview Assets.xcassets in Resources */ = {isa = PBXBuildFile; fileRef = 8B2345C3287507870016440F /* Preview Assets.xcassets */; };
		8B2345CE287507870016440F /* SmilesForMilesTests.swift in Sources */ = {isa = PBXBuildFile; fileRef = 8B2345CD287507870016440F /* SmilesForMilesTests.swift */; };
		8B2345D8287507870016440F /* SmilesForMilesUITests.swift in Sources */ = {isa = PBXBuildFile; fileRef = 8B2345D7287507870016440F /* SmilesForMilesUITests.swift */; };
		8B2345DA287507870016440F /* SmilesForMilesUITestsLaunchTests.swift in Sources */ = {isa = PBXBuildFile; fileRef = 8B2345D9287507870016440F /* SmilesForMilesUITestsLaunchTests.swift */; };
/* End PBXBuildFile section */

/* Begin PBXContainerItemProxy section */
		8B2345CA287507870016440F /* PBXContainerItemProxy */ = {
			isa = PBXContainerItemProxy;
			containerPortal = 8B2345B1287507840016440F /* Project object */;
			proxyType = 1;
			remoteGlobalIDString = 8B2345B8287507840016440F;
			remoteInfo = SmilesForMiles;
		};
		8B2345D4287507870016440F /* PBXContainerItemProxy */ = {
			isa = PBXContainerItemProxy;
			containerPortal = 8B2345B1287507840016440F /* Project object */;
			proxyType = 1;
			remoteGlobalIDString = 8B2345B8287507840016440F;
			remoteInfo = SmilesForMiles;
		};
/* End PBXContainerItemProxy section */

/* Begin PBXFileReference section */
		8B2345B9287507840016440F /* SmilesForMiles.app */ = {isa = PBXFileReference; explicitFileType = wrapper.application; includeInIndex = 0; path = SmilesForMiles.app; sourceTree = BUILT_PRODUCTS_DIR; };
		8B2345BC287507840016440F /* SmilesForMilesApp.swift */ = {isa = PBXFileReference; lastKnownFileType = sourcecode.swift; path = SmilesForMilesApp.swift; sourceTree = "<group>"; };
		8B2345BE287507840016440F /* ContentView.swift */ = {isa = PBXFileReference; lastKnownFileType = sourcecode.swift; path = ContentView.swift; sourceTree = "<group>"; };
		8B2345C0287507870016440F /* Assets.xcassets */ = {isa = PBXFileReference; lastKnownFileType = folder.assetcatalog; path = Assets.xcassets; sourceTree = "<group>"; };
		8B2345C3287507870016440F /* Preview Assets.xcassets */ = {isa = PBXFileReference; lastKnownFileType = folder.assetcatalog; path = "Preview Assets.xcassets"; sourceTree = "<group>"; };
		8B2345C9287507870016440F /* SmilesForMilesTests.xctest */ = {isa = PBXFileReference; explicitFileType = wrapper.cfbundle; includeInIndex = 0; path = SmilesForMilesTests.xctest; sourceTree = BUILT_PRODUCTS_DIR; };
		8B2345CD287507870016440F /* SmilesForMilesTests.swift */ = {isa = PBXFileReference; lastKnownFileType = sourcecode.swift; path = SmilesForMilesTests.swift; sourceTree = "<group>"; };
		8B2345D3287507870016440F /* SmilesForMilesUITests.xctest */ = {isa = PBXFileReference; explicitFileType = wrapper.cfbundle; includeInIndex = 0; path = SmilesForMilesUITests.xctest; sourceTree = BUILT_PRODUCTS_DIR; };
		8B2345D7287507870016440F /* SmilesForMilesUITests.swift */ = {isa = PBXFileReference; lastKnownFileType = sourcecode.swift; path = SmilesForMilesUITests.swift; sourceTree = "<group>"; };
		8B2345D9287507870016440F /* SmilesForMilesUITestsLaunchTests.swift */ = {isa = PBXFileReference; lastKnownFileType = sourcecode.swift; path = SmilesForMilesUITestsLaunchTests.swift; sourceTree = "<group>"; };
/* End PBXFileReference section */

/* Begin PBXFrameworksBuildPhase section */
		8B2345B6287507840016440F /* Frameworks */ = {
			isa = PBXFrameworksBuildPhase;
			buildActionMask = 2147483647;
			files = (
			);
			runOnlyForDeploymentPostprocessing = 0;
		};
		8B2345C6287507870016440F /* Frameworks */ = {
			isa = PBXFrameworksBuildPhase;
			buildActionMask = 2147483647;
			files = (
			);
			runOnlyForDeploymentPostprocessing = 0;
		};
		8B2345D0287507870016440F /* Frameworks */ = {
			isa = PBXFrameworksBuildPhase;
			buildActionMask = 2147483647;
			files = (
			);
			runOnlyForDeploymentPostprocessing = 0;
		};
/* End PBXFrameworksBuildPhase section */

/* Begin PBXGroup section */
		8B2345B0287507840016440F = {
			isa = PBXGroup;
			children = (
				8B2345BB287507840016440F /* SmilesForMiles */,
				8B2345CC287507870016440F /* SmilesForMilesTests */,
				8B2345D6287507870016440F /* SmilesForMilesUITests */,
				8B2345BA287507840016440F /* Products */,
			);
			sourceTree = "<group>";
		};
		8B2345BA287507840016440F /* Products */ = {
			isa = PBXGroup;
			children = (
				8B2345B9287507840016440F /* SmilesForMiles.app */,
				8B2345C9287507870016440F /* SmilesForMilesTests.xctest */,
				8B2345D3287507870016440F /* SmilesForMilesUITests.xctest */,
			);
			name = Products;
			sourceTree = "<group>";
		};
		8B2345BB287507840016440F /* SmilesForMiles */ = {
			isa = PBXGroup;
			children = (
				8B2345BC287507840016440F /* SmilesForMilesApp.swift */,
				8B2345BE287507840016440F /* ContentView.swift */,
				8B2345C0287507870016440F /* Assets.xcassets */,
				8B2345C2287507870016440F /* Preview Content */,
			);
			path = SmilesForMiles;
			sourceTree = "<group>";
		};
		8B2345C2287507870016440F /* Preview Content */ = {
			isa = PBXGroup;
			children = (
				8B2345C3287507870016440F /* Preview Assets.xcassets */,
			);
			path = "Preview Content";
			sourceTree = "<group>";
		};
		8B2345CC287507870016440F /* SmilesForMilesTests */ = {
			isa = PBXGroup;
			children = (
				8B2345CD287507870016440F /* SmilesForMilesTests.swift */,
			);
			path = SmilesForMilesTests;
			sourceTree = "<group>";
		};
		8B2345D6287507870016440F /* SmilesForMilesUITests */ = {
			isa = PBXGroup;
			children = (
				8B2345D7287507870016440F /* SmilesForMilesUITests.swift */,
				8B2345D9287507870016440F /* SmilesForMilesUITestsLaunchTests.swift */,
			);
			path = SmilesForMilesUITests;
			sourceTree = "<group>";
		};
/* End PBXGroup section */

/* Begin PBXNativeTarget section */
		8B2345B8287507840016440F /* SmilesForMiles */ = {
			isa = PBXNativeTarget;
			buildConfigurationList = 8B2345DD287507870016440F /* Build configuration list for PBXNativeTarget "SmilesForMiles" */;
			buildPhases = (
				8B2345B5287507840016440F /* Sources */,
				8B2345B6287507840016440F /* Frameworks */,
				8B2345B7287507840016440F /* Resources */,
			);
			buildRules = (
			);
			dependencies = (
			);
			name = SmilesForMiles;
			productName = SmilesForMiles;
			productReference = 8B2345B9287507840016440F /* SmilesForMiles.app */;
			productType = "com.apple.product-type.application";
		};
		8B2345C8287507870016440F /* SmilesForMilesTests */ = {
			isa = PBXNativeTarget;
			buildConfigurationList = 8B2345E0287507870016440F /* Build configuration list for PBXNativeTarget "SmilesForMilesTests" */;
			buildPhases = (
				8B2345C5287507870016440F /* Sources */,
				8B2345C6287507870016440F /* Frameworks */,
				8B2345C7287507870016440F /* Resources */,
			);
			buildRules = (
			);
			dependencies = (
				8B2345CB287507870016440F /* PBXTargetDependency */,
			);
			name = SmilesForMilesTests;
			productName = SmilesForMilesTests;
			productReference = 8B2345C9287507870016440F /* SmilesForMilesTests.xctest */;
			productType = "com.apple.product-type.bundle.unit-test";
		};
		8B2345D2287507870016440F /* SmilesForMilesUITests */ = {
			isa = PBXNativeTarget;
			buildConfigurationList = 8B2345E3287507870016440F /* Build configuration list for PBXNativeTarget "SmilesForMilesUITests" */;
			buildPhases = (
				8B2345CF287507870016440F /* Sources */,
				8B2345D0287507870016440F /* Frameworks */,
				8B2345D1287507870016440F /* Resources */,
			);
			buildRules = (
			);
			dependencies = (
				8B2345D5287507870016440F /* PBXTargetDependency */,
			);
			name = SmilesForMilesUITests;
			productName = SmilesForMilesUITests;
			productReference = 8B2345D3287507870016440F /* SmilesForMilesUITests.xctest */;
			productType = "com.apple.product-type.bundle.ui-testing";
		};
/* End PBXNativeTarget section */

/* Begin PBXProject section */
		8B2345B1287507840016440F /* Project object */ = {
			isa = PBXProject;
			attributes = {
				BuildIndependentTargetsInParallel = 1;
				LastSwiftUpdateCheck = 1340;
				LastUpgradeCheck = 1340;
				TargetAttributes = {
					8B2345B8287507840016440F = {
						CreatedOnToolsVersion = 13.4.1;
					};
					8B2345C8287507870016440F = {
						CreatedOnToolsVersion = 13.4.1;
						TestTargetID = 8B2345B8287507840016440F;
					};
					8B2345D2287507870016440F = {
						CreatedOnToolsVersion = 13.4.1;
						TestTargetID = 8B2345B8287507840016440F;
					};
				};
			};
			buildConfigurationList = 8B2345B4287507840016440F /* Build configuration list for PBXProject "SmilesForMiles" */;
			compatibilityVersion = "Xcode 13.0";
			developmentRegion = en;
			hasScannedForEncodings = 0;
			knownRegions = (
				en,
				Base,
			);
			mainGroup = 8B2345B0287507840016440F;
			productRefGroup = 8B2345BA287507840016440F /* Products */;
			projectDirPath = "";
			projectRoot = "";
			targets = (
				8B2345B8287507840016440F /* SmilesForMiles */,
				8B2345C8287507870016440F /* SmilesForMilesTests */,
				8B2345D2287507870016440F /* SmilesForMilesUITests */,
			);
		};
/* End PBXProject section */

/* Begin PBXResourcesBuildPhase section */
		8B2345B7287507840016440F /* Resources */ = {
			isa = PBXResourcesBuildPhase;
			buildActionMask = 2147483647;
			files = (
				8B2345C4287507870016440F /* Preview Assets.xcassets in Resources */,
				8B2345C1287507870016440F /* Assets.xcassets in Resources */,
			);
			runOnlyForDeploymentPostprocessing = 0;
		};
		8B2345C7287507870016440F /* Resources */ = {
			isa = PBXResourcesBuildPhase;
			buildActionMask = 2147483647;
			files = (
			);
			runOnlyForDeploymentPostprocessing = 0;
		};
		8B2345D1287507870016440F /* Resources */ = {
			isa = PBXResourcesBuildPhase;
			buildActionMask = 2147483647;
			files = (
			);
			runOnlyForDeploymentPostprocessing = 0;
		};
/* End PBXResourcesBuildPhase section */

/* Begin PBXSourcesBuildPhase section */
		8B2345B5287507840016440F /* Sources */ = {
			isa = PBXSourcesBuildPhase;
			buildActionMask = 2147483647;
			files = (
				8B2345BF287507840016440F /* ContentView.swift in Sources */,
				8B2345BD287507840016440F /* SmilesForMilesApp.swift in Sources */,
			);
			runOnlyForDeploymentPostprocessing = 0;
		};
		8B2345C5287507870016440F /* Sources */ = {
			isa = PBXSourcesBuildPhase;
			buildActionMask = 2147483647;
			files = (
				8B2345CE287507870016440F /* SmilesForMilesTests.swift in Sources */,
			);
			runOnlyForDeploymentPostprocessing = 0;
		};
		8B2345CF287507870016440F /* Sources */ = {
			isa = PBXSourcesBuildPhase;
			buildActionMask = 2147483647;
			files = (
				8B2345DA287507870016440F /* SmilesForMilesUITestsLaunchTests.swift in Sources */,
				8B2345D8287507870016440F /* SmilesForMilesUITests.swift in Sources */,
			);
			runOnlyForDeploymentPostprocessing = 0;
		};
/* End PBXSourcesBuildPhase section */

/* Begin PBXTargetDependency section */
		8B2345CB287507870016440F /* PBXTargetDependency */ = {
			isa = PBXTargetDependency;
			target = 8B2345B8287507840016440F /* SmilesForMiles */;
			targetProxy = 8B2345CA287507870016440F /* PBXContainerItemProxy */;
		};
		8B2345D5287507870016440F /* PBXTargetDependency */ = {
			isa = PBXTargetDependency;
			target = 8B2345B8287507840016440F /* SmilesForMiles */;
			targetProxy = 8B2345D4287507870016440F /* PBXContainerItemProxy */;
		};
/* End PBXTargetDependency section */

/* Begin XCBuildConfiguration section */
		8B2345DB287507870016440F /* Debug */ = {
			isa = XCBuildConfiguration;
			buildSettings = {
				ALWAYS_SEARCH_USER_PATHS = NO;
				CLANG_ANALYZER_NONNULL = YES;
				CLANG_ANALYZER_NUMBER_OBJECT_CONVERSION = YES_AGGRESSIVE;
				CLANG_CXX_LANGUAGE_STANDARD = "gnu++17";
				CLANG_ENABLE_MODULES = YES;
				CLANG_ENABLE_OBJC_ARC = YES;
				CLANG_ENABLE_OBJC_WEAK = YES;
				CLANG_WARN_BLOCK_CAPTURE_AUTORELEASING = YES;
				CLANG_WARN_BOOL_CONVERSION = YES;
				CLANG_WARN_COMMA = YES;
				CLANG_WARN_CONSTANT_CONVERSION = YES;
				CLANG_WARN_DEPRECATED_OBJC_IMPLEMENTATIONS = YES;
				CLANG_WARN_DIRECT_OBJC_ISA_USAGE = YES_ERROR;
				CLANG_WARN_DOCUMENTATION_COMMENTS = YES;
				CLANG_WARN_EMPTY_BODY = YES;
				CLANG_WARN_ENUM_CONVERSION = YES;
				CLANG_WARN_INFINITE_RECURSION = YES;
				CLANG_WARN_INT_CONVERSION = YES;
				CLANG_WARN_NON_LITERAL_NULL_CONVERSION = YES;
				CLANG_WARN_OBJC_IMPLICIT_RETAIN_SELF = YES;
				CLANG_WARN_OBJC_LITERAL_CONVERSION = YES;
				CLANG_WARN_OBJC_ROOT_CLASS = YES_ERROR;
				CLANG_WARN_QUOTED_INCLUDE_IN_FRAMEWORK_HEADER = YES;
				CLANG_WARN_RANGE_LOOP_ANALYSIS = YES;
				CLANG_WARN_STRICT_PROTOTYPES = YES;
				CLANG_WARN_SUSPICIOUS_MOVE = YES;
				CLANG_WARN_UNGUARDED_AVAILABILITY = YES_AGGRESSIVE;
				CLANG_WARN_UNREACHABLE_CODE = YES;
				CLANG_WARN__DUPLICATE_METHOD_MATCH = YES;
				COPY_PHASE_STRIP = NO;
				DEBUG_INFORMATION_FORMAT = dwarf;
				ENABLE_STRICT_OBJC_MSGSEND = YES;
				ENABLE_TESTABILITY = YES;
				GCC_C_LANGUAGE_STANDARD = gnu11;
				GCC_DYNAMIC_NO_PIC = NO;
				GCC_NO_COMMON_BLOCKS = YES;
				GCC_OPTIMIZATION_LEVEL = 0;
				GCC_PREPROCESSOR_DEFINITIONS = (
					"DEBUG=1",
					"$(inherited)",
				);
				GCC_WARN_64_TO_32_BIT_CONVERSION = YES;
				GCC_WARN_ABOUT_RETURN_TYPE = YES_ERROR;
				GCC_WARN_UNDECLARED_SELECTOR = YES;
				GCC_WARN_UNINITIALIZED_AUTOS = YES_AGGRESSIVE;
				GCC_WARN_UNUSED_FUNCTION = YES;
				GCC_WARN_UNUSED_VARIABLE = YES;
				IPHONEOS_DEPLOYMENT_TARGET = 15.5;
				MTL_ENABLE_DEBUG_INFO = INCLUDE_SOURCE;
				MTL_FAST_MATH = YES;
				ONLY_ACTIVE_ARCH = YES;
				SDKROOT = iphoneos;
				SWIFT_ACTIVE_COMPILATION_CONDITIONS = DEBUG;
				SWIFT_OPTIMIZATION_LEVEL = "-Onone";
			};
			name = Debug;
		};
		8B2345DC287507870016440F /* Release */ = {
			isa = XCBuildConfiguration;
			buildSettings = {
				ALWAYS_SEARCH_USER_PATHS = NO;
				CLANG_ANALYZER_NONNULL = YES;
				CLANG_ANALYZER_NUMBER_OBJECT_CONVERSION = YES_AGGRESSIVE;
				CLANG_CXX_LANGUAGE_STANDARD = "gnu++17";
				CLANG_ENABLE_MODULES = YES;
				CLANG_ENABLE_OBJC_ARC = YES;
				CLANG_ENABLE_OBJC_WEAK = YES;
				CLANG_WARN_BLOCK_CAPTURE_AUTORELEASING = YES;
				CLANG_WARN_BOOL_CONVERSION = YES;
				CLANG_WARN_COMMA = YES;
				CLANG_WARN_CONSTANT_CONVERSION = YES;
				CLANG_WARN_DEPRECATED_OBJC_IMPLEMENTATIONS = YES;
				CLANG_WARN_DIRECT_OBJC_ISA_USAGE = YES_ERROR;
				CLANG_WARN_DOCUMENTATION_COMMENTS = YES;
				CLANG_WARN_EMPTY_BODY = YES;
				CLANG_WARN_ENUM_CONVERSION = YES;
				CLANG_WARN_INFINITE_RECURSION = YES;
				CLANG_WARN_INT_CONVERSION = YES;
				CLANG_WARN_NON_LITERAL_NULL_CONVERSION = YES;
				CLANG_WARN_OBJC_IMPLICIT_RETAIN_SELF = YES;
				CLANG_WARN_OBJC_LITERAL_CONVERSION = YES;
				CLANG_WARN_OBJC_ROOT_CLASS = YES_ERROR;
				CLANG_WARN_QUOTED_INCLUDE_IN_FRAMEWORK_HEADER = YES;
				CLANG_WARN_RANGE_LOOP_ANALYSIS = YES;
				CLANG_WARN_STRICT_PROTOTYPES = YES;
				CLANG_WARN_SUSPICIOUS_MOVE = YES;
				CLANG_WARN_UNGUARDED_AVAILABILITY = YES_AGGRESSIVE;
				CLANG_WARN_UNREACHABLE_CODE = YES;
				CLANG_WARN__DUPLICATE_METHOD_MATCH = YES;
				COPY_PHASE_STRIP = NO;
				DEBUG_INFORMATION_FORMAT = "dwarf-with-dsym";
				ENABLE_NS_ASSERTIONS = NO;
				ENABLE_STRICT_OBJC_MSGSEND = YES;
				GCC_C_LANGUAGE_STANDARD = gnu11;
				GCC_NO_COMMON_BLOCKS = YES;
				GCC_WARN_64_TO_32_BIT_CONVERSION = YES;
				GCC_WARN_ABOUT_RETURN_TYPE = YES_ERROR;
				GCC_WARN_UNDECLARED_SELECTOR = YES;
				GCC_WARN_UNINITIALIZED_AUTOS = YES_AGGRESSIVE;
				GCC_WARN_UNUSED_FUNCTION = YES;
				GCC_WARN_UNUSED_VARIABLE = YES;
				IPHONEOS_DEPLOYMENT_TARGET = 15.5;
				MTL_ENABLE_DEBUG_INFO = NO;
				MTL_FAST_MATH = YES;
				SDKROOT = iphoneos;
				SWIFT_COMPILATION_MODE = wholemodule;
				SWIFT_OPTIMIZATION_LEVEL = "-O";
				VALIDATE_PRODUCT = YES;
			};
			name = Release;
		};
		8B2345DE287507870016440F /* Debug */ = {
			isa = XCBuildConfiguration;
			buildSettings = {
				ASSETCATALOG_COMPILER_APPICON_NAME = AppIcon;
				ASSETCATALOG_COMPILER_GLOBAL_ACCENT_COLOR_NAME = AccentColor;
				CODE_SIGN_STYLE = Automatic;
				CURRENT_PROJECT_VERSION = 1;
				DEVELOPMENT_ASSET_PATHS = "\"SmilesForMiles/Preview Content\"";
				ENABLE_PREVIEWS = YES;
				GENERATE_INFOPLIST_FILE = YES;
				INFOPLIST_KEY_UIApplicationSceneManifest_Generation = YES;
				INFOPLIST_KEY_UIApplicationSupportsIndirectInputEvents = YES;
				INFOPLIST_KEY_UILaunchScreen_Generation = YES;
				INFOPLIST_KEY_UISupportedInterfaceOrientations_iPad = "UIInterfaceOrientationPortrait UIInterfaceOrientationPortraitUpsideDown UIInterfaceOrientationLandscapeLeft UIInterfaceOrientationLandscapeRight";
				INFOPLIST_KEY_UISupportedInterfaceOrientations_iPhone = "UIInterfaceOrientationPortrait UIInterfaceOrientationLandscapeLeft UIInterfaceOrientationLandscapeRight";
				LD_RUNPATH_SEARCH_PATHS = (
					"$(inherited)",
					"@executable_path/Frameworks",
				);
				MARKETING_VERSION = 1.0;
				PRODUCT_BUNDLE_IDENTIFIER = com.Pavanlabs.SmilesForMiles;
				PRODUCT_NAME = "$(TARGET_NAME)";
				SWIFT_EMIT_LOC_STRINGS = YES;
				SWIFT_VERSION = 5.0;
				TARGETED_DEVICE_FAMILY = "1,2";
			};
			name = Debug;
		};
		8B2345DF287507870016440F /* Release */ = {
			isa = XCBuildConfiguration;
			buildSettings = {
				ASSETCATALOG_COMPILER_APPICON_NAME = AppIcon;
				ASSETCATALOG_COMPILER_GLOBAL_ACCENT_COLOR_NAME = AccentColor;
				CODE_SIGN_STYLE = Automatic;
				CURRENT_PROJECT_VERSION = 1;
				DEVELOPMENT_ASSET_PATHS = "\"SmilesForMiles/Preview Content\"";
				ENABLE_PREVIEWS = YES;
				GENERATE_INFOPLIST_FILE = YES;
				INFOPLIST_KEY_UIApplicationSceneManifest_Generation = YES;
				INFOPLIST_KEY_UIApplicationSupportsIndirectInputEvents = YES;
				INFOPLIST_KEY_UILaunchScreen_Generation = YES;
				INFOPLIST_KEY_UISupportedInterfaceOrientations_iPad = "UIInterfaceOrientationPortrait UIInterfaceOrientationPortraitUpsideDown UIInterfaceOrientationLandscapeLeft UIInterfaceOrientationLandscapeRight";
				INFOPLIST_KEY_UISupportedInterfaceOrientations_iPhone = "UIInterfaceOrientationPortrait UIInterfaceOrientationLandscapeLeft UIInterfaceOrientationLandscapeRight";
				LD_RUNPATH_SEARCH_PATHS = (
					"$(inherited)",
					"@executable_path/Frameworks",
				);
				MARKETING_VERSION = 1.0;
				PRODUCT_BUNDLE_IDENTIFIER = com.Pavanlabs.SmilesForMiles;
				PRODUCT_NAME = "$(TARGET_NAME)";
				SWIFT_EMIT_LOC_STRINGS = YES;
				SWIFT_VERSION = 5.0;
				TARGETED_DEVICE_FAMILY = "1,2";
			};
			name = Release;
		};
		8B2345E1287507870016440F /* Debug */ = {
			isa = XCBuildConfiguration;
			buildSettings = {
				ALWAYS_EMBED_SWIFT_STANDARD_LIBRARIES = YES;
				BUNDLE_LOADER = "$(TEST_HOST)";
				CODE_SIGN_STYLE = Automatic;
				CURRENT_PROJECT_VERSION = 1;
				GENERATE_INFOPLIST_FILE = YES;
				IPHONEOS_DEPLOYMENT_TARGET = 15.5;
				MARKETING_VERSION = 1.0;
				PRODUCT_BUNDLE_IDENTIFIER = com.Pavanlabs.SmilesForMilesTests;
				PRODUCT_NAME = "$(TARGET_NAME)";
				SWIFT_EMIT_LOC_STRINGS = NO;
				SWIFT_VERSION = 5.0;
				TARGETED_DEVICE_FAMILY = "1,2";
				TEST_HOST = "$(BUILT_PRODUCTS_DIR)/SmilesForMiles.app/SmilesForMiles";
			};
			name = Debug;
		};
		8B2345E2287507870016440F /* Release */ = {
			isa = XCBuildConfiguration;
			buildSettings = {
				ALWAYS_EMBED_SWIFT_STANDARD_LIBRARIES = YES;
				BUNDLE_LOADER = "$(TEST_HOST)";
				CODE_SIGN_STYLE = Automatic;
				CURRENT_PROJECT_VERSION = 1;
				GENERATE_INFOPLIST_FILE = YES;
				IPHONEOS_DEPLOYMENT_TARGET = 15.5;
				MARKETING_VERSION = 1.0;
				PRODUCT_BUNDLE_IDENTIFIER = com.Pavanlabs.SmilesForMilesTests;
				PRODUCT_NAME = "$(TARGET_NAME)";
				SWIFT_EMIT_LOC_STRINGS = NO;
				SWIFT_VERSION = 5.0;
				TARGETED_DEVICE_FAMILY = "1,2";
				TEST_HOST = "$(BUILT_PRODUCTS_DIR)/SmilesForMiles.app/SmilesForMiles";
			};
			name = Release;
		};
		8B2345E4287507870016440F /* Debug */ = {
			isa = XCBuildConfiguration;
			buildSettings = {
				ALWAYS_EMBED_SWIFT_STANDARD_LIBRARIES = YES;
				CODE_SIGN_STYLE = Automatic;
				CURRENT_PROJECT_VERSION = 1;
				GENERATE_INFOPLIST_FILE = YES;
				MARKETING_VERSION = 1.0;
				PRODUCT_BUNDLE_IDENTIFIER = com.Pavanlabs.SmilesForMilesUITests;
				PRODUCT_NAME = "$(TARGET_NAME)";
				SWIFT_EMIT_LOC_STRINGS = NO;
				SWIFT_VERSION = 5.0;
				TARGETED_DEVICE_FAMILY = "1,2";
				TEST_TARGET_NAME = SmilesForMiles;
			};
			name = Debug;
		};
		8B2345E5287507870016440F /* Release */ = {
			isa = XCBuildConfiguration;
			buildSettings = {
				ALWAYS_EMBED_SWIFT_STANDARD_LIBRARIES = YES;
				CODE_SIGN_STYLE = Automatic;
				CURRENT_PROJECT_VERSION = 1;
				GENERATE_INFOPLIST_FILE = YES;
				MARKETING_VERSION = 1.0;
				PRODUCT_BUNDLE_IDENTIFIER = com.Pavanlabs.SmilesForMilesUITests;
				PRODUCT_NAME = "$(TARGET_NAME)";
				SWIFT_EMIT_LOC_STRINGS = NO;
				SWIFT_VERSION = 5.0;
				TARGETED_DEVICE_FAMILY = "1,2";
				TEST_TARGET_NAME = SmilesForMiles;
			};
			name = Release;
		};
/* End XCBuildConfiguration section */

/* Begin XCConfigurationList section */
		8B2345B4287507840016440F /* Build configuration list for PBXProject "SmilesForMiles" */ = {
			isa = XCConfigurationList;
			buildConfigurations = (
				8B2345DB287507870016440F /* Debug */,
				8B2345DC287507870016440F /* Release */,
			);
			defaultConfigurationIsVisible = 0;
			defaultConfigurationName = Release;
		};
		8B2345DD287507870016440F /* Build configuration list for PBXNativeTarget "SmilesForMiles" */ = {
			isa = XCConfigurationList;
			buildConfigurations = (
				8B2345DE287507870016440F /* Debug */,
				8B2345DF287507870016440F /* Release */,
			);
			defaultConfigurationIsVisible = 0;
			defaultConfigurationName = Release;
		};
		8B2345E0287507870016440F /* Build configuration list for PBXNativeTarget "SmilesForMilesTests" */ = {
			isa = XCConfigurationList;
			buildConfigurations = (
				8B2345E1287507870016440F /* Debug */,
				8B2345E2287507870016440F /* Release */,
			);
			defaultConfigurationIsVisible = 0;
			defaultConfigurationName = Release;
		};
		8B2345E3287507870016440F /* Build configuration list for PBXNativeTarget "SmilesForMilesUITests" */ = {
			isa = XCConfigurationList;
			buildConfigurations = (
				8B2345E4287507870016440F /* Debug */,
				8B2345E5287507870016440F /* Release */,
			);
			defaultConfigurationIsVisible = 0;
			defaultConfigurationName = Release;
		};
/* End XCConfigurationList section */
	};
	rootObject = 8B2345B1287507840016440F /* Project object */;
}
